
Microsoft Visual Studio Solution File, Format Version 12.00
# Visual Studio Version 17
VisualStudioVersion = 17.5.002.0
MinimumVisualStudioVersion = 10.0.40219.1
Project("{9A19103F-16F7-4668-BE54-9A1E7A4F7556}") = "VSCode6.3", "VSCode6.3.csproj", "{D76843E9-C4D8-4CDE-AD8D-1DF5C0F0D109}"
EndProject
Global
	GlobalSection(SolutionConfigurationPlatforms) = preSolution
		Debug|Any CPU = Debug|Any CPU
		Release|Any CPU = Release|Any CPU
	EndGlobalSection
	GlobalSection(ProjectConfigurationPlatforms) = postSolution
		{D76843E9-C4D8-4CDE-AD8D-1DF5C0F0D109}.Debug|Any CPU.ActiveCfg = Debug|Any CPU
		{D76843E9-C4D8-4CDE-AD8D-1DF5C0F0D109}.Debug|Any CPU.Build.0 = Debug|Any CPU
		{D76843E9-C4D8-4CDE-AD8D-1DF5C0F0D109}.Release|Any CPU.ActiveCfg = Release|Any CPU
		{D76843E9-C4D8-4CDE-AD8D-1DF5C0F0D109}.Release|Any CPU.Build.0 = Release|Any CPU
	EndGlobalSection
	GlobalSection(SolutionProperties) = preSolution
		HideSolutionNode = FALSE
	EndGlobalSection
	GlobalSection(ExtensibilityGlobals) = postSolution
		SolutionGuid = {FEA60D0A-C70B-48D2-9299-0B0090A3D10E}
	EndGlobalSection
EndGlobal
